// !$*UTF8*$!
{
	archiveVersion = 1;
	classes = {
	};
	objectVersion = 56;
	objects = {

/* Begin PBXBuildFile section */
		6732890F2AB3514500B61CE6 /* AppDelegate.swift in Sources */ = {isa = PBXBuildFile; fileRef = 6732890E2AB3514500B61CE6 /* AppDelegate.swift */; };
		673289112AB3514500B61CE6 /* SceneDelegate.swift in Sources */ = {isa = PBXBuildFile; fileRef = 673289102AB3514500B61CE6 /* SceneDelegate.swift */; };
		673289182AB3514600B61CE6 /* Assets.xcassets in Resources */ = {isa = PBXBuildFile; fileRef = 673289172AB3514600B61CE6 /* Assets.xcassets */; };
		6732891B2AB3514600B61CE6 /* LaunchScreen.storyboard in Resources */ = {isa = PBXBuildFile; fileRef = 673289192AB3514600B61CE6 /* LaunchScreen.storyboard */; };
		673289252AB3520800B61CE6 /* fistViewController.swift in Sources */ = {isa = PBXBuildFile; fileRef = 673289242AB3520800B61CE6 /* fistViewController.swift */; };
		67522D2C2AB36F490080BDD9 /* seUpViewProtocol.swift in Sources */ = {isa = PBXBuildFile; fileRef = 67522D2B2AB36F490080BDD9 /* seUpViewProtocol.swift */; };
		67522D2E2AB370B90080BDD9 /* NetworManagerModels.swift in Sources */ = {isa = PBXBuildFile; fileRef = 67522D2D2AB370B90080BDD9 /* NetworManagerModels.swift */; };
		678BF2472AC63DE9000629D7 /* taskViewController.swift in Sources */ = {isa = PBXBuildFile; fileRef = 678BF2462AC63DE9000629D7 /* taskViewController.swift */; };
		678BF2492AC63E3F000629D7 /* taskRouter.swift in Sources */ = {isa = PBXBuildFile; fileRef = 678BF2482AC63E3F000629D7 /* taskRouter.swift */; };
		67CA20232AB9FFBD00D8ED43 /* GDCViewViewController.swift in Sources */ = {isa = PBXBuildFile; fileRef = 67CA20222AB9FFBD00D8ED43 /* GDCViewViewController.swift */; };
		67CA20292AB9FFE200D8ED43 /* GDCViewRouter.swift in Sources */ = {isa = PBXBuildFile; fileRef = 67CA20282AB9FFE200D8ED43 /* GDCViewRouter.swift */; };
		67EA30D52B74751A00A887D0 /* NetworManagerCompletionHandler.swift in Sources */ = {isa = PBXBuildFile; fileRef = 67EA30D42B74751A00A887D0 /* NetworManagerCompletionHandler.swift */; };
		67EA30D72B74758D00A887D0 /* NetworkManagerCompletionResult.swift in Sources */ = {isa = PBXBuildFile; fileRef = 67EA30D62B74758D00A887D0 /* NetworkManagerCompletionResult.swift */; };
		67EA30D92B74765500A887D0 /* NetworkManagerAsync.swift in Sources */ = {isa = PBXBuildFile; fileRef = 67EA30D82B74765500A887D0 /* NetworkManagerAsync.swift */; };
		67EA30DB2B7476BC00A887D0 /* NetworkManagerAsyncThrows.swift in Sources */ = {isa = PBXBuildFile; fileRef = 67EA30DA2B7476BC00A887D0 /* NetworkManagerAsyncThrows.swift */; };
		9F03E1532C4FECA800E5DCE5 /* bankView.swift in Sources */ = {isa = PBXBuildFile; fileRef = 9F03E1522C4FECA800E5DCE5 /* bankView.swift */; };
		9F03E1552C4FECF700E5DCE5 /* bankProtocols.swift in Sources */ = {isa = PBXBuildFile; fileRef = 9F03E1542C4FECF700E5DCE5 /* bankProtocols.swift */; };
		9F03E1572C4FEDE200E5DCE5 /* bankPresenterGDC.swift in Sources */ = {isa = PBXBuildFile; fileRef = 9F03E1562C4FEDE200E5DCE5 /* bankPresenterGDC.swift */; };
		9F03E15B2C4FEE1800E5DCE5 /* bankRouter.swift in Sources */ = {isa = PBXBuildFile; fileRef = 9F03E15A2C4FEE1800E5DCE5 /* bankRouter.swift */; };
		9F03E15D2C500E7600E5DCE5 /* bankPresenterActor.swift in Sources */ = {isa = PBXBuildFile; fileRef = 9F03E15C2C500E7600E5DCE5 /* bankPresenterActor.swift */; };
		9FF21D2E2C4163E600F29045 /* queues.swift in Sources */ = {isa = PBXBuildFile; fileRef = 9FF21D2D2C4163E600F29045 /* queues.swift */; };
/* End PBXBuildFile section */

/* Begin PBXContainerItemProxy section */
		67CA1FFA2AB8EE3300D8ED43 /* PBXContainerItemProxy */ = {
			isa = PBXContainerItemProxy;
			containerPortal = 673289032AB3514500B61CE6 /* Project object */;
			proxyType = 1;
			remoteGlobalIDString = 6732890A2AB3514500B61CE6;
			remoteInfo = geneciNetworkManager;
		};
		67CA200E2AB91A6D00D8ED43 /* PBXContainerItemProxy */ = {
			isa = PBXContainerItemProxy;
			containerPortal = 673289032AB3514500B61CE6 /* Project object */;
			proxyType = 1;
			remoteGlobalIDString = 6732890A2AB3514500B61CE6;
			remoteInfo = geneciNetworkManager;
		};
		67CA201B2AB91A8F00D8ED43 /* PBXContainerItemProxy */ = {
			isa = PBXContainerItemProxy;
			containerPortal = 673289032AB3514500B61CE6 /* Project object */;
			proxyType = 1;
			remoteGlobalIDString = 6732890A2AB3514500B61CE6;
			remoteInfo = geneciNetworkManager;
		};
/* End PBXContainerItemProxy section */

/* Begin PBXFileReference section */
		6732890B2AB3514500B61CE6 /* geneciNetworkManager.app */ = {isa = PBXFileReference; explicitFileType = wrapper.application; includeInIndex = 0; path = geneciNetworkManager.app; sourceTree = BUILT_PRODUCTS_DIR; };
		6732890E2AB3514500B61CE6 /* AppDelegate.swift */ = {isa = PBXFileReference; lastKnownFileType = sourcecode.swift; path = AppDelegate.swift; sourceTree = "<group>"; };
		673289102AB3514500B61CE6 /* SceneDelegate.swift */ = {isa = PBXFileReference; lastKnownFileType = sourcecode.swift; path = SceneDelegate.swift; sourceTree = "<group>"; };
		673289172AB3514600B61CE6 /* Assets.xcassets */ = {isa = PBXFileReference; lastKnownFileType = folder.assetcatalog; path = Assets.xcassets; sourceTree = "<group>"; };
		6732891A2AB3514600B61CE6 /* Base */ = {isa = PBXFileReference; lastKnownFileType = file.storyboard; name = Base; path = Base.lproj/LaunchScreen.storyboard; sourceTree = "<group>"; };
		6732891C2AB3514600B61CE6 /* Info.plist */ = {isa = PBXFileReference; lastKnownFileType = text.plist.xml; path = Info.plist; sourceTree = "<group>"; };
		673289242AB3520800B61CE6 /* fistViewController.swift */ = {isa = PBXFileReference; lastKnownFileType = sourcecode.swift; path = fistViewController.swift; sourceTree = "<group>"; };
		67522D2B2AB36F490080BDD9 /* seUpViewProtocol.swift */ = {isa = PBXFileReference; lastKnownFileType = sourcecode.swift; path = seUpViewProtocol.swift; sourceTree = "<group>"; };
		67522D2D2AB370B90080BDD9 /* NetworManagerModels.swift */ = {isa = PBXFileReference; lastKnownFileType = sourcecode.swift; path = NetworManagerModels.swift; sourceTree = "<group>"; };
		678BF2462AC63DE9000629D7 /* taskViewController.swift */ = {isa = PBXFileReference; lastKnownFileType = sourcecode.swift; path = taskViewController.swift; sourceTree = "<group>"; };
		678BF2482AC63E3F000629D7 /* taskRouter.swift */ = {isa = PBXFileReference; lastKnownFileType = sourcecode.swift; path = taskRouter.swift; sourceTree = "<group>"; };
		67CA1FF62AB8EE3300D8ED43 /* fistViewControllerTest.xctest */ = {isa = PBXFileReference; explicitFileType = wrapper.cfbundle; includeInIndex = 0; path = fistViewControllerTest.xctest; sourceTree = BUILT_PRODUCTS_DIR; };
		67CA200A2AB91A6D00D8ED43 /* class1Test.xctest */ = {isa = PBXFileReference; explicitFileType = wrapper.cfbundle; includeInIndex = 0; path = class1Test.xctest; sourceTree = BUILT_PRODUCTS_DIR; };
		67CA20172AB91A8F00D8ED43 /* clasOnesTests.xctest */ = {isa = PBXFileReference; explicitFileType = wrapper.cfbundle; includeInIndex = 0; path = clasOnesTests.xctest; sourceTree = BUILT_PRODUCTS_DIR; };
		67CA20222AB9FFBD00D8ED43 /* GDCViewViewController.swift */ = {isa = PBXFileReference; lastKnownFileType = sourcecode.swift; path = GDCViewViewController.swift; sourceTree = "<group>"; };
		67CA20282AB9FFE200D8ED43 /* GDCViewRouter.swift */ = {isa = PBXFileReference; lastKnownFileType = sourcecode.swift; path = GDCViewRouter.swift; sourceTree = "<group>"; };
		67EA30D42B74751A00A887D0 /* NetworManagerCompletionHandler.swift */ = {isa = PBXFileReference; lastKnownFileType = sourcecode.swift; path = NetworManagerCompletionHandler.swift; sourceTree = "<group>"; };
		67EA30D62B74758D00A887D0 /* NetworkManagerCompletionResult.swift */ = {isa = PBXFileReference; lastKnownFileType = sourcecode.swift; path = NetworkManagerCompletionResult.swift; sourceTree = "<group>"; };
		67EA30D82B74765500A887D0 /* NetworkManagerAsync.swift */ = {isa = PBXFileReference; lastKnownFileType = sourcecode.swift; path = NetworkManagerAsync.swift; sourceTree = "<group>"; };
		67EA30DA2B7476BC00A887D0 /* NetworkManagerAsyncThrows.swift */ = {isa = PBXFileReference; lastKnownFileType = sourcecode.swift; path = NetworkManagerAsyncThrows.swift; sourceTree = "<group>"; };
		9F03E1522C4FECA800E5DCE5 /* bankView.swift */ = {isa = PBXFileReference; lastKnownFileType = sourcecode.swift; path = bankView.swift; sourceTree = "<group>"; };
		9F03E1542C4FECF700E5DCE5 /* bankProtocols.swift */ = {isa = PBXFileReference; lastKnownFileType = sourcecode.swift; path = bankProtocols.swift; sourceTree = "<group>"; };
		9F03E1562C4FEDE200E5DCE5 /* bankPresenterGDC.swift */ = {isa = PBXFileReference; lastKnownFileType = sourcecode.swift; path = bankPresenterGDC.swift; sourceTree = "<group>"; };
		9F03E15A2C4FEE1800E5DCE5 /* bankRouter.swift */ = {isa = PBXFileReference; lastKnownFileType = sourcecode.swift; path = bankRouter.swift; sourceTree = "<group>"; };
		9F03E15C2C500E7600E5DCE5 /* bankPresenterActor.swift */ = {isa = PBXFileReference; lastKnownFileType = sourcecode.swift; path = bankPresenterActor.swift; sourceTree = "<group>"; };
		9FF21D2D2C4163E600F29045 /* queues.swift */ = {isa = PBXFileReference; lastKnownFileType = sourcecode.swift; path = queues.swift; sourceTree = "<group>"; };
/* End PBXFileReference section */

/* Begin PBXFrameworksBuildPhase section */
		673289082AB3514500B61CE6 /* Frameworks */ = {
			isa = PBXFrameworksBuildPhase;
			buildActionMask = 2147483647;
			files = (
			);
			runOnlyForDeploymentPostprocessing = 0;
		};
		67CA1FF32AB8EE3300D8ED43 /* Frameworks */ = {
			isa = PBXFrameworksBuildPhase;
			buildActionMask = 2147483647;
			files = (
			);
			runOnlyForDeploymentPostprocessing = 0;
		};
		67CA20072AB91A6D00D8ED43 /* Frameworks */ = {
			isa = PBXFrameworksBuildPhase;
			buildActionMask = 2147483647;
			files = (
			);
			runOnlyForDeploymentPostprocessing = 0;
		};
		67CA20142AB91A8F00D8ED43 /* Frameworks */ = {
			isa = PBXFrameworksBuildPhase;
			buildActionMask = 2147483647;
			files = (
			);
			runOnlyForDeploymentPostprocessing = 0;
		};
/* End PBXFrameworksBuildPhase section */

/* Begin PBXGroup section */
		673289022AB3514500B61CE6 = {
			isa = PBXGroup;
			children = (
				6732890D2AB3514500B61CE6 /* geneciNetworkManager */,
				6732890C2AB3514500B61CE6 /* Products */,
			);
			sourceTree = "<group>";
		};
		6732890C2AB3514500B61CE6 /* Products */ = {
			isa = PBXGroup;
			children = (
				6732890B2AB3514500B61CE6 /* geneciNetworkManager.app */,
				67CA1FF62AB8EE3300D8ED43 /* fistViewControllerTest.xctest */,
				67CA200A2AB91A6D00D8ED43 /* class1Test.xctest */,
				67CA20172AB91A8F00D8ED43 /* clasOnesTests.xctest */,
			);
			name = Products;
			sourceTree = "<group>";
		};
		6732890D2AB3514500B61CE6 /* geneciNetworkManager */ = {
			isa = PBXGroup;
			children = (
				6732890E2AB3514500B61CE6 /* AppDelegate.swift */,
				673289102AB3514500B61CE6 /* SceneDelegate.swift */,
				67522D2B2AB36F490080BDD9 /* seUpViewProtocol.swift */,
				67CA1FF12AB8EDE600D8ED43 /* fistView */,
				678BF2432AC63DC1000629D7 /* viewTask */,
				9F03E1512C4FEC5D00E5DCE5 /* bankView */,
				67CA20212AB9FFA300D8ED43 /* secondView */,
				67522D2F2AB370C70080BDD9 /* NetworManager */,
				673289172AB3514600B61CE6 /* Assets.xcassets */,
				673289192AB3514600B61CE6 /* LaunchScreen.storyboard */,
				6732891C2AB3514600B61CE6 /* Info.plist */,
			);
			path = geneciNetworkManager;
			sourceTree = "<group>";
		};
		67522D2F2AB370C70080BDD9 /* NetworManager */ = {
			isa = PBXGroup;
			children = (
				67EA30DA2B7476BC00A887D0 /* NetworkManagerAsyncThrows.swift */,
				67EA30D82B74765500A887D0 /* NetworkManagerAsync.swift */,
				67EA30D42B74751A00A887D0 /* NetworManagerCompletionHandler.swift */,
				67EA30D62B74758D00A887D0 /* NetworkManagerCompletionResult.swift */,
				67522D2D2AB370B90080BDD9 /* NetworManagerModels.swift */,
			);
			path = NetworManager;
			sourceTree = "<group>";
		};
		678BF2432AC63DC1000629D7 /* viewTask */ = {
			isa = PBXGroup;
			children = (
				678BF2462AC63DE9000629D7 /* taskViewController.swift */,
				678BF2482AC63E3F000629D7 /* taskRouter.swift */,
			);
			path = viewTask;
			sourceTree = "<group>";
		};
		67CA1FF12AB8EDE600D8ED43 /* fistView */ = {
			isa = PBXGroup;
			children = (
				673289242AB3520800B61CE6 /* fistViewController.swift */,
			);
			path = fistView;
			sourceTree = "<group>";
		};
		67CA20212AB9FFA300D8ED43 /* secondView */ = {
			isa = PBXGroup;
			children = (
				67CA20222AB9FFBD00D8ED43 /* GDCViewViewController.swift */,
				9FF21D2D2C4163E600F29045 /* queues.swift */,
				67CA20282AB9FFE200D8ED43 /* GDCViewRouter.swift */,
			);
			path = secondView;
			sourceTree = "<group>";
		};
		9F03E1512C4FEC5D00E5DCE5 /* bankView */ = {
			isa = PBXGroup;
			children = (
				9F03E1522C4FECA800E5DCE5 /* bankView.swift */,
				9F03E1542C4FECF700E5DCE5 /* bankProtocols.swift */,
				9F03E1562C4FEDE200E5DCE5 /* bankPresenterGDC.swift */,
				9F03E15C2C500E7600E5DCE5 /* bankPresenterActor.swift */,
				9F03E15A2C4FEE1800E5DCE5 /* bankRouter.swift */,
			);
			path = bankView;
			sourceTree = "<group>";
		};
/* End PBXGroup section */

/* Begin PBXNativeTarget section */
		6732890A2AB3514500B61CE6 /* geneciNetworkManager */ = {
			isa = PBXNativeTarget;
			buildConfigurationList = 6732891F2AB3514600B61CE6 /* Build configuration list for PBXNativeTarget "geneciNetworkManager" */;
			buildPhases = (
				673289072AB3514500B61CE6 /* Sources */,
				673289082AB3514500B61CE6 /* Frameworks */,
				673289092AB3514500B61CE6 /* Resources */,
			);
			buildRules = (
			);
			dependencies = (
			);
			name = geneciNetworkManager;
			productName = geneciNetworkManager;
			productReference = 6732890B2AB3514500B61CE6 /* geneciNetworkManager.app */;
			productType = "com.apple.product-type.application";
		};
		67CA1FF52AB8EE3300D8ED43 /* fistViewControllerTest */ = {
			isa = PBXNativeTarget;
			buildConfigurationList = 67CA1FFC2AB8EE3300D8ED43 /* Build configuration list for PBXNativeTarget "fistViewControllerTest" */;
			buildPhases = (
				67CA1FF22AB8EE3300D8ED43 /* Sources */,
				67CA1FF32AB8EE3300D8ED43 /* Frameworks */,
				67CA1FF42AB8EE3300D8ED43 /* Resources */,
			);
			buildRules = (
			);
			dependencies = (
				67CA1FFB2AB8EE3300D8ED43 /* PBXTargetDependency */,
			);
			name = fistViewControllerTest;
			productName = fistViewControllerTest;
			productReference = 67CA1FF62AB8EE3300D8ED43 /* fistViewControllerTest.xctest */;
			productType = "com.apple.product-type.bundle.unit-test";
		};
		67CA20092AB91A6D00D8ED43 /* class1Test */ = {
			isa = PBXNativeTarget;
			buildConfigurationList = 67CA20102AB91A6D00D8ED43 /* Build configuration list for PBXNativeTarget "class1Test" */;
			buildPhases = (
				67CA20062AB91A6D00D8ED43 /* Sources */,
				67CA20072AB91A6D00D8ED43 /* Frameworks */,
				67CA20082AB91A6D00D8ED43 /* Resources */,
			);
			buildRules = (
			);
			dependencies = (
				67CA200F2AB91A6D00D8ED43 /* PBXTargetDependency */,
			);
			name = class1Test;
			productName = class1Test;
			productReference = 67CA200A2AB91A6D00D8ED43 /* class1Test.xctest */;
			productType = "com.apple.product-type.bundle.unit-test";
		};
		67CA20162AB91A8F00D8ED43 /* clasOnesTests */ = {
			isa = PBXNativeTarget;
			buildConfigurationList = 67CA201D2AB91A8F00D8ED43 /* Build configuration list for PBXNativeTarget "clasOnesTests" */;
			buildPhases = (
				67CA20132AB91A8F00D8ED43 /* Sources */,
				67CA20142AB91A8F00D8ED43 /* Frameworks */,
				67CA20152AB91A8F00D8ED43 /* Resources */,
			);
			buildRules = (
			);
			dependencies = (
				67CA201C2AB91A8F00D8ED43 /* PBXTargetDependency */,
			);
			name = clasOnesTests;
			productName = clasOnesTests;
			productReference = 67CA20172AB91A8F00D8ED43 /* clasOnesTests.xctest */;
			productType = "com.apple.product-type.bundle.unit-test";
		};
/* End PBXNativeTarget section */

/* Begin PBXProject section */
		673289032AB3514500B61CE6 /* Project object */ = {
			isa = PBXProject;
			attributes = {
				BuildIndependentTargetsInParallel = 1;
				LastSwiftUpdateCheck = 1430;
				LastUpgradeCheck = 1420;
				TargetAttributes = {
					6732890A2AB3514500B61CE6 = {
						CreatedOnToolsVersion = 14.2;
					};
					67CA1FF52AB8EE3300D8ED43 = {
						CreatedOnToolsVersion = 14.3.1;
						TestTargetID = 6732890A2AB3514500B61CE6;
					};
					67CA20092AB91A6D00D8ED43 = {
						CreatedOnToolsVersion = 14.3.1;
						TestTargetID = 6732890A2AB3514500B61CE6;
					};
					67CA20162AB91A8F00D8ED43 = {
						CreatedOnToolsVersion = 14.3.1;
						TestTargetID = 6732890A2AB3514500B61CE6;
					};
				};
			};
			buildConfigurationList = 673289062AB3514500B61CE6 /* Build configuration list for PBXProject "geneciNetworkManager" */;
			compatibilityVersion = "Xcode 14.0";
			developmentRegion = en;
			hasScannedForEncodings = 0;
			knownRegions = (
				en,
				Base,
			);
			mainGroup = 673289022AB3514500B61CE6;
			productRefGroup = 6732890C2AB3514500B61CE6 /* Products */;
			projectDirPath = "";
			projectRoot = "";
			targets = (
				6732890A2AB3514500B61CE6 /* geneciNetworkManager */,
				67CA1FF52AB8EE3300D8ED43 /* fistViewControllerTest */,
				67CA20092AB91A6D00D8ED43 /* class1Test */,
				67CA20162AB91A8F00D8ED43 /* clasOnesTests */,
			);
		};
/* End PBXProject section */

/* Begin PBXResourcesBuildPhase section */
		673289092AB3514500B61CE6 /* Resources */ = {
			isa = PBXResourcesBuildPhase;
			buildActionMask = 2147483647;
			files = (
				6732891B2AB3514600B61CE6 /* LaunchScreen.storyboard in Resources */,
				673289182AB3514600B61CE6 /* Assets.xcassets in Resources */,
			);
			runOnlyForDeploymentPostprocessing = 0;
		};
		67CA1FF42AB8EE3300D8ED43 /* Resources */ = {
			isa = PBXResourcesBuildPhase;
			buildActionMask = 2147483647;
			files = (
			);
			runOnlyForDeploymentPostprocessing = 0;
		};
		67CA20082AB91A6D00D8ED43 /* Resources */ = {
			isa = PBXResourcesBuildPhase;
			buildActionMask = 2147483647;
			files = (
			);
			runOnlyForDeploymentPostprocessing = 0;
		};
		67CA20152AB91A8F00D8ED43 /* Resources */ = {
			isa = PBXResourcesBuildPhase;
			buildActionMask = 2147483647;
			files = (
			);
			runOnlyForDeploymentPostprocessing = 0;
		};
/* End PBXResourcesBuildPhase section */

/* Begin PBXSourcesBuildPhase section */
		673289072AB3514500B61CE6 /* Sources */ = {
			isa = PBXSourcesBuildPhase;
			buildActionMask = 2147483647;
			files = (
				67522D2E2AB370B90080BDD9 /* NetworManagerModels.swift in Sources */,
				67EA30D52B74751A00A887D0 /* NetworManagerCompletionHandler.swift in Sources */,
				67EA30DB2B7476BC00A887D0 /* NetworkManagerAsyncThrows.swift in Sources */,
				9F03E15B2C4FEE1800E5DCE5 /* bankRouter.swift in Sources */,
				67CA20292AB9FFE200D8ED43 /* GDCViewRouter.swift in Sources */,
				9F03E15D2C500E7600E5DCE5 /* bankPresenterActor.swift in Sources */,
				67EA30D72B74758D00A887D0 /* NetworkManagerCompletionResult.swift in Sources */,
				673289252AB3520800B61CE6 /* fistViewController.swift in Sources */,
				67522D2C2AB36F490080BDD9 /* seUpViewProtocol.swift in Sources */,
				9FF21D2E2C4163E600F29045 /* queues.swift in Sources */,
				6732890F2AB3514500B61CE6 /* AppDelegate.swift in Sources */,
				67EA30D92B74765500A887D0 /* NetworkManagerAsync.swift in Sources */,
				678BF2472AC63DE9000629D7 /* taskViewController.swift in Sources */,
				9F03E1532C4FECA800E5DCE5 /* bankView.swift in Sources */,
				673289112AB3514500B61CE6 /* SceneDelegate.swift in Sources */,
				67CA20232AB9FFBD00D8ED43 /* GDCViewViewController.swift in Sources */,
				9F03E1572C4FEDE200E5DCE5 /* bankPresenterGDC.swift in Sources */,
				678BF2492AC63E3F000629D7 /* taskRouter.swift in Sources */,
				9F03E1552C4FECF700E5DCE5 /* bankProtocols.swift in Sources */,
			);
			runOnlyForDeploymentPostprocessing = 0;
		};
		67CA1FF22AB8EE3300D8ED43 /* Sources */ = {
			isa = PBXSourcesBuildPhase;
			buildActionMask = 2147483647;
			files = (
			);
			runOnlyForDeploymentPostprocessing = 0;
		};
		67CA20062AB91A6D00D8ED43 /* Sources */ = {
			isa = PBXSourcesBuildPhase;
			buildActionMask = 2147483647;
			files = (
			);
			runOnlyForDeploymentPostprocessing = 0;
		};
		67CA20132AB91A8F00D8ED43 /* Sources */ = {
			isa = PBXSourcesBuildPhase;
			buildActionMask = 2147483647;
			files = (
			);
			runOnlyForDeploymentPostprocessing = 0;
		};
/* End PBXSourcesBuildPhase section */

/* Begin PBXTargetDependency section */
		67CA1FFB2AB8EE3300D8ED43 /* PBXTargetDependency */ = {
			isa = PBXTargetDependency;
			target = 6732890A2AB3514500B61CE6 /* geneciNetworkManager */;
			targetProxy = 67CA1FFA2AB8EE3300D8ED43 /* PBXContainerItemProxy */;
		};
		67CA200F2AB91A6D00D8ED43 /* PBXTargetDependency */ = {
			isa = PBXTargetDependency;
			target = 6732890A2AB3514500B61CE6 /* geneciNetworkManager */;
			targetProxy = 67CA200E2AB91A6D00D8ED43 /* PBXContainerItemProxy */;
		};
		67CA201C2AB91A8F00D8ED43 /* PBXTargetDependency */ = {
			isa = PBXTargetDependency;
			target = 6732890A2AB3514500B61CE6 /* geneciNetworkManager */;
			targetProxy = 67CA201B2AB91A8F00D8ED43 /* PBXContainerItemProxy */;
		};
/* End PBXTargetDependency section */

/* Begin PBXVariantGroup section */
		673289192AB3514600B61CE6 /* LaunchScreen.storyboard */ = {
			isa = PBXVariantGroup;
			children = (
				6732891A2AB3514600B61CE6 /* Base */,
			);
			name = LaunchScreen.storyboard;
			sourceTree = "<group>";
		};
/* End PBXVariantGroup section */

/* Begin XCBuildConfiguration section */
		6732891D2AB3514600B61CE6 /* Debug */ = {
			isa = XCBuildConfiguration;
			buildSettings = {
				ALWAYS_SEARCH_USER_PATHS = NO;
				CLANG_ANALYZER_NONNULL = YES;
				CLANG_ANALYZER_NUMBER_OBJECT_CONVERSION = YES_AGGRESSIVE;
				CLANG_CXX_LANGUAGE_STANDARD = "gnu++20";
				CLANG_ENABLE_MODULES = YES;
				CLANG_ENABLE_OBJC_ARC = YES;
				CLANG_ENABLE_OBJC_WEAK = YES;
				CLANG_WARN_BLOCK_CAPTURE_AUTORELEASING = YES;
				CLANG_WARN_BOOL_CONVERSION = YES;
				CLANG_WARN_COMMA = YES;
				CLANG_WARN_CONSTANT_CONVERSION = YES;
				CLANG_WARN_DEPRECATED_OBJC_IMPLEMENTATIONS = YES;
				CLANG_WARN_DIRECT_OBJC_ISA_USAGE = YES_ERROR;
				CLANG_WARN_DOCUMENTATION_COMMENTS = YES;
				CLANG_WARN_EMPTY_BODY = YES;
				CLANG_WARN_ENUM_CONVERSION = YES;
				CLANG_WARN_INFINITE_RECURSION = YES;
				CLANG_WARN_INT_CONVERSION = YES;
				CLANG_WARN_NON_LITERAL_NULL_CONVERSION = YES;
				CLANG_WARN_OBJC_IMPLICIT_RETAIN_SELF = YES;
				CLANG_WARN_OBJC_LITERAL_CONVERSION = YES;
				CLANG_WARN_OBJC_ROOT_CLASS = YES_ERROR;
				CLANG_WARN_QUOTED_INCLUDE_IN_FRAMEWORK_HEADER = YES;
				CLANG_WARN_RANGE_LOOP_ANALYSIS = YES;
				CLANG_WARN_STRICT_PROTOTYPES = YES;
				CLANG_WARN_SUSPICIOUS_MOVE = YES;
				CLANG_WARN_UNGUARDED_AVAILABILITY = YES_AGGRESSIVE;
				CLANG_WARN_UNREACHABLE_CODE = YES;
				CLANG_WARN__DUPLICATE_METHOD_MATCH = YES;
				COPY_PHASE_STRIP = NO;
				DEBUG_INFORMATION_FORMAT = dwarf;
				ENABLE_STRICT_OBJC_MSGSEND = YES;
				ENABLE_TESTABILITY = YES;
				GCC_C_LANGUAGE_STANDARD = gnu11;
				GCC_DYNAMIC_NO_PIC = NO;
				GCC_NO_COMMON_BLOCKS = YES;
				GCC_OPTIMIZATION_LEVEL = 0;
				GCC_PREPROCESSOR_DEFINITIONS = (
					"DEBUG=1",
					"$(inherited)",
				);
				GCC_WARN_64_TO_32_BIT_CONVERSION = YES;
				GCC_WARN_ABOUT_RETURN_TYPE = YES_ERROR;
				GCC_WARN_UNDECLARED_SELECTOR = YES;
				GCC_WARN_UNINITIALIZED_AUTOS = YES_AGGRESSIVE;
				GCC_WARN_UNUSED_FUNCTION = YES;
				GCC_WARN_UNUSED_VARIABLE = YES;
				IPHONEOS_DEPLOYMENT_TARGET = 16.2;
				MTL_ENABLE_DEBUG_INFO = INCLUDE_SOURCE;
				MTL_FAST_MATH = YES;
				ONLY_ACTIVE_ARCH = YES;
				SDKROOT = iphoneos;
				SWIFT_ACTIVE_COMPILATION_CONDITIONS = DEBUG;
				SWIFT_OPTIMIZATION_LEVEL = "-Onone";
			};
			name = Debug;
		};
		6732891E2AB3514600B61CE6 /* Release */ = {
			isa = XCBuildConfiguration;
			buildSettings = {
				ALWAYS_SEARCH_USER_PATHS = NO;
				CLANG_ANALYZER_NONNULL = YES;
				CLANG_ANALYZER_NUMBER_OBJECT_CONVERSION = YES_AGGRESSIVE;
				CLANG_CXX_LANGUAGE_STANDARD = "gnu++20";
				CLANG_ENABLE_MODULES = YES;
				CLANG_ENABLE_OBJC_ARC = YES;
				CLANG_ENABLE_OBJC_WEAK = YES;
				CLANG_WARN_BLOCK_CAPTURE_AUTORELEASING = YES;
				CLANG_WARN_BOOL_CONVERSION = YES;
				CLANG_WARN_COMMA = YES;
				CLANG_WARN_CONSTANT_CONVERSION = YES;
				CLANG_WARN_DEPRECATED_OBJC_IMPLEMENTATIONS = YES;
				CLANG_WARN_DIRECT_OBJC_ISA_USAGE = YES_ERROR;
				CLANG_WARN_DOCUMENTATION_COMMENTS = YES;
				CLANG_WARN_EMPTY_BODY = YES;
				CLANG_WARN_ENUM_CONVERSION = YES;
				CLANG_WARN_INFINITE_RECURSION = YES;
				CLANG_WARN_INT_CONVERSION = YES;
				CLANG_WARN_NON_LITERAL_NULL_CONVERSION = YES;
				CLANG_WARN_OBJC_IMPLICIT_RETAIN_SELF = YES;
				CLANG_WARN_OBJC_LITERAL_CONVERSION = YES;
				CLANG_WARN_OBJC_ROOT_CLASS = YES_ERROR;
				CLANG_WARN_QUOTED_INCLUDE_IN_FRAMEWORK_HEADER = YES;
				CLANG_WARN_RANGE_LOOP_ANALYSIS = YES;
				CLANG_WARN_STRICT_PROTOTYPES = YES;
				CLANG_WARN_SUSPICIOUS_MOVE = YES;
				CLANG_WARN_UNGUARDED_AVAILABILITY = YES_AGGRESSIVE;
				CLANG_WARN_UNREACHABLE_CODE = YES;
				CLANG_WARN__DUPLICATE_METHOD_MATCH = YES;
				COPY_PHASE_STRIP = NO;
				DEBUG_INFORMATION_FORMAT = "dwarf-with-dsym";
				ENABLE_NS_ASSERTIONS = NO;
				ENABLE_STRICT_OBJC_MSGSEND = YES;
				GCC_C_LANGUAGE_STANDARD = gnu11;
				GCC_NO_COMMON_BLOCKS = YES;
				GCC_WARN_64_TO_32_BIT_CONVERSION = YES;
				GCC_WARN_ABOUT_RETURN_TYPE = YES_ERROR;
				GCC_WARN_UNDECLARED_SELECTOR = YES;
				GCC_WARN_UNINITIALIZED_AUTOS = YES_AGGRESSIVE;
				GCC_WARN_UNUSED_FUNCTION = YES;
				GCC_WARN_UNUSED_VARIABLE = YES;
				IPHONEOS_DEPLOYMENT_TARGET = 16.2;
				MTL_ENABLE_DEBUG_INFO = NO;
				MTL_FAST_MATH = YES;
				SDKROOT = iphoneos;
				SWIFT_COMPILATION_MODE = wholemodule;
				SWIFT_OPTIMIZATION_LEVEL = "-O";
				VALIDATE_PRODUCT = YES;
			};
			name = Release;
		};
		673289202AB3514600B61CE6 /* Debug */ = {
			isa = XCBuildConfiguration;
			buildSettings = {
				ASSETCATALOG_COMPILER_APPICON_NAME = AppIcon;
				ASSETCATALOG_COMPILER_GLOBAL_ACCENT_COLOR_NAME = AccentColor;
				CODE_SIGN_STYLE = Automatic;
				CURRENT_PROJECT_VERSION = 1;
				DEVELOPMENT_TEAM = 495737228M;
				GENERATE_INFOPLIST_FILE = YES;
				INFOPLIST_FILE = geneciNetworkManager/Info.plist;
				INFOPLIST_KEY_UIApplicationSupportsIndirectInputEvents = YES;
				INFOPLIST_KEY_UILaunchStoryboardName = LaunchScreen;
				INFOPLIST_KEY_UISupportedInterfaceOrientations_iPad = "UIInterfaceOrientationPortrait UIInterfaceOrientationPortraitUpsideDown UIInterfaceOrientationLandscapeLeft UIInterfaceOrientationLandscapeRight";
				INFOPLIST_KEY_UISupportedInterfaceOrientations_iPhone = "UIInterfaceOrientationPortrait UIInterfaceOrientationLandscapeLeft UIInterfaceOrientationLandscapeRight";
				IPHONEOS_DEPLOYMENT_TARGET = 17.0;
				LD_RUNPATH_SEARCH_PATHS = (
					"$(inherited)",
					"@executable_path/Frameworks",
				);
				MARKETING_VERSION = 1.0;
				PRODUCT_BUNDLE_IDENTIFIER = emmanuel.zambrano.geneciNetworkManager;
				PRODUCT_NAME = "$(TARGET_NAME)";
				SWIFT_EMIT_LOC_STRINGS = YES;
				SWIFT_VERSION = 5.0;
				TARGETED_DEVICE_FAMILY = "1,2";
			};
			name = Debug;
		};
		673289212AB3514600B61CE6 /* Release */ = {
			isa = XCBuildConfiguration;
			buildSettings = {
				ASSETCATALOG_COMPILER_APPICON_NAME = AppIcon;
				ASSETCATALOG_COMPILER_GLOBAL_ACCENT_COLOR_NAME = AccentColor;
				CODE_SIGN_STYLE = Automatic;
				CURRENT_PROJECT_VERSION = 1;
				DEVELOPMENT_TEAM = 495737228M;
				GENERATE_INFOPLIST_FILE = YES;
				INFOPLIST_FILE = geneciNetworkManager/Info.plist;
				INFOPLIST_KEY_UIApplicationSupportsIndirectInputEvents = YES;
				INFOPLIST_KEY_UILaunchStoryboardName = LaunchScreen;
				INFOPLIST_KEY_UISupportedInterfaceOrientations_iPad = "UIInterfaceOrientationPortrait UIInterfaceOrientationPortraitUpsideDown UIInterfaceOrientationLandscapeLeft UIInterfaceOrientationLandscapeRight";
				INFOPLIST_KEY_UISupportedInterfaceOrientations_iPhone = "UIInterfaceOrientationPortrait UIInterfaceOrientationLandscapeLeft UIInterfaceOrientationLandscapeRight";
				IPHONEOS_DEPLOYMENT_TARGET = 17.0;
				LD_RUNPATH_SEARCH_PATHS = (
					"$(inherited)",
					"@executable_path/Frameworks",
				);
				MARKETING_VERSION = 1.0;
				PRODUCT_BUNDLE_IDENTIFIER = emmanuel.zambrano.geneciNetworkManager;
				PRODUCT_NAME = "$(TARGET_NAME)";
				SWIFT_EMIT_LOC_STRINGS = YES;
				SWIFT_VERSION = 5.0;
				TARGETED_DEVICE_FAMILY = "1,2";
			};
			name = Release;
		};
		67CA1FFD2AB8EE3300D8ED43 /* Debug */ = {
			isa = XCBuildConfiguration;
			buildSettings = {
				BUNDLE_LOADER = "$(TEST_HOST)";
				CODE_SIGN_STYLE = Automatic;
				CURRENT_PROJECT_VERSION = 1;
				DEVELOPMENT_TEAM = 495737228M;
				GENERATE_INFOPLIST_FILE = YES;
				IPHONEOS_DEPLOYMENT_TARGET = 16.4;
				MARKETING_VERSION = 1.0;
				PRODUCT_BUNDLE_IDENTIFIER = emmanuel.zambrano.fistViewControllerTest;
				PRODUCT_NAME = "$(TARGET_NAME)";
				SWIFT_EMIT_LOC_STRINGS = NO;
				SWIFT_VERSION = 5.0;
				TARGETED_DEVICE_FAMILY = "1,2";
				TEST_HOST = "$(BUILT_PRODUCTS_DIR)/geneciNetworkManager.app/$(BUNDLE_EXECUTABLE_FOLDER_PATH)/geneciNetworkManager";
			};
			name = Debug;
		};
		67CA1FFE2AB8EE3300D8ED43 /* Release */ = {
			isa = XCBuildConfiguration;
			buildSettings = {
				BUNDLE_LOADER = "$(TEST_HOST)";
				CODE_SIGN_STYLE = Automatic;
				CURRENT_PROJECT_VERSION = 1;
				DEVELOPMENT_TEAM = 495737228M;
				GENERATE_INFOPLIST_FILE = YES;
				IPHONEOS_DEPLOYMENT_TARGET = 16.4;
				MARKETING_VERSION = 1.0;
				PRODUCT_BUNDLE_IDENTIFIER = emmanuel.zambrano.fistViewControllerTest;
				PRODUCT_NAME = "$(TARGET_NAME)";
				SWIFT_EMIT_LOC_STRINGS = NO;
				SWIFT_VERSION = 5.0;
				TARGETED_DEVICE_FAMILY = "1,2";
				TEST_HOST = "$(BUILT_PRODUCTS_DIR)/geneciNetworkManager.app/$(BUNDLE_EXECUTABLE_FOLDER_PATH)/geneciNetworkManager";
			};
			name = Release;
		};
		67CA20112AB91A6D00D8ED43 /* Debug */ = {
			isa = XCBuildConfiguration;
			buildSettings = {
				BUNDLE_LOADER = "$(TEST_HOST)";
				CODE_SIGN_STYLE = Automatic;
				CURRENT_PROJECT_VERSION = 1;
				DEVELOPMENT_TEAM = 495737228M;
				GENERATE_INFOPLIST_FILE = YES;
				IPHONEOS_DEPLOYMENT_TARGET = 16.4;
				MARKETING_VERSION = 1.0;
				PRODUCT_BUNDLE_IDENTIFIER = emmanuel.zambrano.class1Test;
				PRODUCT_NAME = "$(TARGET_NAME)";
				SWIFT_EMIT_LOC_STRINGS = NO;
				SWIFT_VERSION = 5.0;
				TARGETED_DEVICE_FAMILY = "1,2";
				TEST_HOST = "$(BUILT_PRODUCTS_DIR)/geneciNetworkManager.app/$(BUNDLE_EXECUTABLE_FOLDER_PATH)/geneciNetworkManager";
			};
			name = Debug;
		};
		67CA20122AB91A6D00D8ED43 /* Release */ = {
			isa = XCBuildConfiguration;
			buildSettings = {
				BUNDLE_LOADER = "$(TEST_HOST)";
				CODE_SIGN_STYLE = Automatic;
				CURRENT_PROJECT_VERSION = 1;
				DEVELOPMENT_TEAM = 495737228M;
				GENERATE_INFOPLIST_FILE = YES;
				IPHONEOS_DEPLOYMENT_TARGET = 16.4;
				MARKETING_VERSION = 1.0;
				PRODUCT_BUNDLE_IDENTIFIER = emmanuel.zambrano.class1Test;
				PRODUCT_NAME = "$(TARGET_NAME)";
				SWIFT_EMIT_LOC_STRINGS = NO;
				SWIFT_VERSION = 5.0;
				TARGETED_DEVICE_FAMILY = "1,2";
				TEST_HOST = "$(BUILT_PRODUCTS_DIR)/geneciNetworkManager.app/$(BUNDLE_EXECUTABLE_FOLDER_PATH)/geneciNetworkManager";
			};
			name = Release;
		};
		67CA201E2AB91A8F00D8ED43 /* Debug */ = {
			isa = XCBuildConfiguration;
			buildSettings = {
				BUNDLE_LOADER = "$(TEST_HOST)";
				CODE_SIGN_STYLE = Automatic;
				CURRENT_PROJECT_VERSION = 1;
				DEVELOPMENT_TEAM = 495737228M;
				GENERATE_INFOPLIST_FILE = YES;
				IPHONEOS_DEPLOYMENT_TARGET = 16.4;
				MARKETING_VERSION = 1.0;
				PRODUCT_BUNDLE_IDENTIFIER = emmanuel.zambrano.clasOnesTests;
				PRODUCT_NAME = "$(TARGET_NAME)";
				SWIFT_EMIT_LOC_STRINGS = NO;
				SWIFT_VERSION = 5.0;
				TARGETED_DEVICE_FAMILY = "1,2";
				TEST_HOST = "$(BUILT_PRODUCTS_DIR)/geneciNetworkManager.app/$(BUNDLE_EXECUTABLE_FOLDER_PATH)/geneciNetworkManager";
			};
			name = Debug;
		};
		67CA201F2AB91A8F00D8ED43 /* Release */ = {
			isa = XCBuildConfiguration;
			buildSettings = {
				BUNDLE_LOADER = "$(TEST_HOST)";
				CODE_SIGN_STYLE = Automatic;
				CURRENT_PROJECT_VERSION = 1;
				DEVELOPMENT_TEAM = 495737228M;
				GENERATE_INFOPLIST_FILE = YES;
				IPHONEOS_DEPLOYMENT_TARGET = 16.4;
				MARKETING_VERSION = 1.0;
				PRODUCT_BUNDLE_IDENTIFIER = emmanuel.zambrano.clasOnesTests;
				PRODUCT_NAME = "$(TARGET_NAME)";
				SWIFT_EMIT_LOC_STRINGS = NO;
				SWIFT_VERSION = 5.0;
				TARGETED_DEVICE_FAMILY = "1,2";
				TEST_HOST = "$(BUILT_PRODUCTS_DIR)/geneciNetworkManager.app/$(BUNDLE_EXECUTABLE_FOLDER_PATH)/geneciNetworkManager";
			};
			name = Release;
		};
/* End XCBuildConfiguration section */

/* Begin XCConfigurationList section */
		673289062AB3514500B61CE6 /* Build configuration list for PBXProject "geneciNetworkManager" */ = {
			isa = XCConfigurationList;
			buildConfigurations = (
				6732891D2AB3514600B61CE6 /* Debug */,
				6732891E2AB3514600B61CE6 /* Release */,
			);
			defaultConfigurationIsVisible = 0;
			defaultConfigurationName = Release;
		};
		6732891F2AB3514600B61CE6 /* Build configuration list for PBXNativeTarget "geneciNetworkManager" */ = {
			isa = XCConfigurationList;
			buildConfigurations = (
				673289202AB3514600B61CE6 /* Debug */,
				673289212AB3514600B61CE6 /* Release */,
			);
			defaultConfigurationIsVisible = 0;
			defaultConfigurationName = Release;
		};
		67CA1FFC2AB8EE3300D8ED43 /* Build configuration list for PBXNativeTarget "fistViewControllerTest" */ = {
			isa = XCConfigurationList;
			buildConfigurations = (
				67CA1FFD2AB8EE3300D8ED43 /* Debug */,
				67CA1FFE2AB8EE3300D8ED43 /* Release */,
			);
			defaultConfigurationIsVisible = 0;
			defaultConfigurationName = Release;
		};
		67CA20102AB91A6D00D8ED43 /* Build configuration list for PBXNativeTarget "class1Test" */ = {
			isa = XCConfigurationList;
			buildConfigurations = (
				67CA20112AB91A6D00D8ED43 /* Debug */,
				67CA20122AB91A6D00D8ED43 /* Release */,
			);
			defaultConfigurationIsVisible = 0;
			defaultConfigurationName = Release;
		};
		67CA201D2AB91A8F00D8ED43 /* Build configuration list for PBXNativeTarget "clasOnesTests" */ = {
			isa = XCConfigurationList;
			buildConfigurations = (
				67CA201E2AB91A8F00D8ED43 /* Debug */,
				67CA201F2AB91A8F00D8ED43 /* Release */,
			);
			defaultConfigurationIsVisible = 0;
			defaultConfigurationName = Release;
		};
/* End XCConfigurationList section */
	};
	rootObject = 673289032AB3514500B61CE6 /* Project object */;
}
